
Microsoft Visual Studio Solution File, Format Version 12.00
# Visual Studio 15
VisualStudioVersion = 15.0.28307.645
MinimumVisualStudioVersion = 10.0.40219.1
Project("{FAE04EC0-301F-11D3-BF4B-00C04F79EFBC}") = "UngDung1", "UngDung1\UngDung1.csproj", "{4C6971FE-2C02-4179-A1EE-AC3D4D19CF92}"
EndProject
Project("{FAE04EC0-301F-11D3-BF4B-00C04F79EFBC}") = "SuDungBien", "SuDungBien\SuDungBien.csproj", "{9C7B94D8-0684-4535-B1CC-1E2EAC654040}"
EndProject
Project("{FAE04EC0-301F-11D3-BF4B-00C04F79EFBC}") = "GiaiPhuongTrinhBacNhat", "GiaiPhuongTrinhBacNhat\GiaiPhuongTrinhBacNhat.csproj", "{D1038183-16B9-4574-9DB8-17348128E7EE}"
EndProject
Project("{FAE04EC0-301F-11D3-BF4B-00C04F79EFBC}") = "GiaiPhuongTrinhBacHai", "GiaiPhuongTrinhBacHai\GiaiPhuongTrinhBacHai.csproj", "{F6B1CD34-B2E2-4FB6-958C-C1A65D5A8EB9}"
EndProject
Project("{FAE04EC0-301F-11D3-BF4B-00C04F79EFBC}") = "SuDungRandom", "SuDungRandom\SuDungRandom.csproj", "{8ADDE856-8EC8-4AF8-AEC4-425707203C86}"
EndProject
Project("{FAE04EC0-301F-11D3-BF4B-00C04F79EFBC}") = "XacDinhNgayCuaThang", "XacDinhNgayCuaThang\XacDinhNgayCuaThang.csproj", "{35CF9276-41CB-4A4C-8A22-F3165DE69CBD}"
EndProject
Global
	GlobalSection(SolutionConfigurationPlatforms) = preSolution
		Debug|Any CPU = Debug|Any CPU
		Release|Any CPU = Release|Any CPU
	EndGlobalSection
	GlobalSection(ProjectConfigurationPlatforms) = postSolution
		{4C6971FE-2C02-4179-A1EE-AC3D4D19CF92}.Debug|Any CPU.ActiveCfg = Debug|Any CPU
		{4C6971FE-2C02-4179-A1EE-AC3D4D19CF92}.Debug|Any CPU.Build.0 = Debug|Any CPU
		{4C6971FE-2C02-4179-A1EE-AC3D4D19CF92}.Release|Any CPU.ActiveCfg = Release|Any CPU
		{4C6971FE-2C02-4179-A1EE-AC3D4D19CF92}.Release|Any CPU.Build.0 = Release|Any CPU
		{9C7B94D8-0684-4535-B1CC-1E2EAC654040}.Debug|Any CPU.ActiveCfg = Debug|Any CPU
		{9C7B94D8-0684-4535-B1CC-1E2EAC654040}.Debug|Any CPU.Build.0 = Debug|Any CPU
		{9C7B94D8-0684-4535-B1CC-1E2EAC654040}.Release|Any CPU.ActiveCfg = Release|Any CPU
		{9C7B94D8-0684-4535-B1CC-1E2EAC654040}.Release|Any CPU.Build.0 = Release|Any CPU
		{D1038183-16B9-4574-9DB8-17348128E7EE}.Debug|Any CPU.ActiveCfg = Debug|Any CPU
		{D1038183-16B9-4574-9DB8-17348128E7EE}.Debug|Any CPU.Build.0 = Debug|Any CPU
		{D1038183-16B9-4574-9DB8-17348128E7EE}.Release|Any CPU.ActiveCfg = Release|Any CPU
		{D1038183-16B9-4574-9DB8-17348128E7EE}.Release|Any CPU.Build.0 = Release|Any CPU
		{F6B1CD34-B2E2-4FB6-958C-C1A65D5A8EB9}.Debug|Any CPU.ActiveCfg = Debug|Any CPU
		{F6B1CD34-B2E2-4FB6-958C-C1A65D5A8EB9}.Debug|Any CPU.Build.0 = Debug|Any CPU
		{F6B1CD34-B2E2-4FB6-958C-C1A65D5A8EB9}.Release|Any CPU.ActiveCfg = Release|Any CPU
		{F6B1CD34-B2E2-4FB6-958C-C1A65D5A8EB9}.Release|Any CPU.Build.0 = Release|Any CPU
		{8ADDE856-8EC8-4AF8-AEC4-425707203C86}.Debug|Any CPU.ActiveCfg = Debug|Any CPU
		{8ADDE856-8EC8-4AF8-AEC4-425707203C86}.Debug|Any CPU.Build.0 = Debug|Any CPU
		{8ADDE856-8EC8-4AF8-AEC4-425707203C86}.Release|Any CPU.ActiveCfg = Release|Any CPU
		{8ADDE856-8EC8-4AF8-AEC4-425707203C86}.Release|Any CPU.Build.0 = Release|Any CPU
		{35CF9276-41CB-4A4C-8A22-F3165DE69CBD}.Debug|Any CPU.ActiveCfg = Debug|Any CPU
		{35CF9276-41CB-4A4C-8A22-F3165DE69CBD}.Debug|Any CPU.Build.0 = Debug|Any CPU
		{35CF9276-41CB-4A4C-8A22-F3165DE69CBD}.Release|Any CPU.ActiveCfg = Release|Any CPU
		{35CF9276-41CB-4A4C-8A22-F3165DE69CBD}.Release|Any CPU.Build.0 = Release|Any CPU
	EndGlobalSection
	GlobalSection(SolutionProperties) = preSolution
		HideSolutionNode = FALSE
	EndGlobalSection
	GlobalSection(ExtensibilityGlobals) = postSolution
		SolutionGuid = {8493D90A-B637-42F9-83FD-A2B009DB10B0}
	EndGlobalSection
EndGlobal
